// !$*UTF8*$!
{
	archiveVersion = 1;
	classes = {
	};
	objectVersion = 55;
	objects = {

/* Begin PBXBuildFile section */
		EE8F7F9D28C7CC4100D1E59D /* EasyFirebaseExampleApp.swift in Sources */ = {isa = PBXBuildFile; fileRef = EE8F7F8D28C7CC4000D1E59D /* EasyFirebaseExampleApp.swift */; };
		EE8F7F9E28C7CC4100D1E59D /* EasyFirebaseExampleApp.swift in Sources */ = {isa = PBXBuildFile; fileRef = EE8F7F8D28C7CC4000D1E59D /* EasyFirebaseExampleApp.swift */; };
		EE8F7F9F28C7CC4100D1E59D /* ContentView.swift in Sources */ = {isa = PBXBuildFile; fileRef = EE8F7F8E28C7CC4000D1E59D /* ContentView.swift */; };
		EE8F7FA028C7CC4100D1E59D /* ContentView.swift in Sources */ = {isa = PBXBuildFile; fileRef = EE8F7F8E28C7CC4000D1E59D /* ContentView.swift */; };
		EE8F7FA128C7CC4100D1E59D /* Assets.xcassets in Resources */ = {isa = PBXBuildFile; fileRef = EE8F7F8F28C7CC4100D1E59D /* Assets.xcassets */; };
		EE8F7FA228C7CC4100D1E59D /* Assets.xcassets in Resources */ = {isa = PBXBuildFile; fileRef = EE8F7F8F28C7CC4100D1E59D /* Assets.xcassets */; };
/* End PBXBuildFile section */

/* Begin PBXFileReference section */
		EE8F7F8D28C7CC4000D1E59D /* EasyFirebaseExampleApp.swift */ = {isa = PBXFileReference; lastKnownFileType = sourcecode.swift; path = EasyFirebaseExampleApp.swift; sourceTree = "<group>"; };
		EE8F7F8E28C7CC4000D1E59D /* ContentView.swift */ = {isa = PBXFileReference; lastKnownFileType = sourcecode.swift; path = ContentView.swift; sourceTree = "<group>"; };
		EE8F7F8F28C7CC4100D1E59D /* Assets.xcassets */ = {isa = PBXFileReference; lastKnownFileType = folder.assetcatalog; path = Assets.xcassets; sourceTree = "<group>"; };
		EE8F7F9428C7CC4100D1E59D /* EasyFirebaseExample.app */ = {isa = PBXFileReference; explicitFileType = wrapper.application; includeInIndex = 0; path = EasyFirebaseExample.app; sourceTree = BUILT_PRODUCTS_DIR; };
		EE8F7F9A28C7CC4100D1E59D /* EasyFirebaseExample.app */ = {isa = PBXFileReference; explicitFileType = wrapper.application; includeInIndex = 0; path = EasyFirebaseExample.app; sourceTree = BUILT_PRODUCTS_DIR; };
		EE8F7F9C28C7CC4100D1E59D /* macOS.entitlements */ = {isa = PBXFileReference; lastKnownFileType = text.plist.entitlements; path = macOS.entitlements; sourceTree = "<group>"; };
		EE8F7FAC28C7CCD200D1E59D /* easy-firebase */ = {isa = PBXFileReference; lastKnownFileType = wrapper; name = "easy-firebase"; path = ../..; sourceTree = "<group>"; };
/* End PBXFileReference section */

/* Begin PBXFrameworksBuildPhase section */
		EE8F7F9128C7CC4100D1E59D /* Frameworks */ = {
			isa = PBXFrameworksBuildPhase;
			buildActionMask = 2147483647;
			files = (
			);
			runOnlyForDeploymentPostprocessing = 0;
		};
		EE8F7F9728C7CC4100D1E59D /* Frameworks */ = {
			isa = PBXFrameworksBuildPhase;
			buildActionMask = 2147483647;
			files = (
			);
			runOnlyForDeploymentPostprocessing = 0;
		};
/* End PBXFrameworksBuildPhase section */

/* Begin PBXGroup section */
		EE8F7F8728C7CC4000D1E59D = {
			isa = PBXGroup;
			children = (
				EE8F7FAB28C7CCD200D1E59D /* Packages */,
				EE8F7F8C28C7CC4000D1E59D /* Shared */,
				EE8F7F9B28C7CC4100D1E59D /* macOS */,
				EE8F7F9528C7CC4100D1E59D /* Products */,
			);
			sourceTree = "<group>";
		};
		EE8F7F8C28C7CC4000D1E59D /* Shared */ = {
			isa = PBXGroup;
			children = (
				EE8F7F8D28C7CC4000D1E59D /* EasyFirebaseExampleApp.swift */,
				EE8F7F8E28C7CC4000D1E59D /* ContentView.swift */,
				EE8F7F8F28C7CC4100D1E59D /* Assets.xcassets */,
			);
			path = Shared;
			sourceTree = "<group>";
		};
		EE8F7F9528C7CC4100D1E59D /* Products */ = {
			isa = PBXGroup;
			children = (
				EE8F7F9428C7CC4100D1E59D /* EasyFirebaseExample.app */,
				EE8F7F9A28C7CC4100D1E59D /* EasyFirebaseExample.app */,
			);
			name = Products;
			sourceTree = "<group>";
		};
		EE8F7F9B28C7CC4100D1E59D /* macOS */ = {
			isa = PBXGroup;
			children = (
				EE8F7F9C28C7CC4100D1E59D /* macOS.entitlements */,
			);
			path = macOS;
			sourceTree = "<group>";
		};
		EE8F7FAB28C7CCD200D1E59D /* Packages */ = {
			isa = PBXGroup;
			children = (
				EE8F7FAC28C7CCD200D1E59D /* easy-firebase */,
			);
			name = Packages;
			sourceTree = "<group>";
		};
/* End PBXGroup section */

/* Begin PBXNativeTarget section */
		EE8F7F9328C7CC4100D1E59D /* EasyFirebaseExample (iOS) */ = {
			isa = PBXNativeTarget;
			buildConfigurationList = EE8F7FA528C7CC4100D1E59D /* Build configuration list for PBXNativeTarget "EasyFirebaseExample (iOS)" */;
			buildPhases = (
				EE8F7F9028C7CC4100D1E59D /* Sources */,
				EE8F7F9128C7CC4100D1E59D /* Frameworks */,
				EE8F7F9228C7CC4100D1E59D /* Resources */,
			);
			buildRules = (
			);
			dependencies = (
			);
			name = "EasyFirebaseExample (iOS)";
			productName = "EasyFirebaseExample (iOS)";
			productReference = EE8F7F9428C7CC4100D1E59D /* EasyFirebaseExample.app */;
			productType = "com.apple.product-type.application";
		};
		EE8F7F9928C7CC4100D1E59D /* EasyFirebaseExample (macOS) */ = {
			isa = PBXNativeTarget;
			buildConfigurationList = EE8F7FA828C7CC4100D1E59D /* Build configuration list for PBXNativeTarget "EasyFirebaseExample (macOS)" */;
			buildPhases = (
				EE8F7F9628C7CC4100D1E59D /* Sources */,
				EE8F7F9728C7CC4100D1E59D /* Frameworks */,
				EE8F7F9828C7CC4100D1E59D /* Resources */,
			);
			buildRules = (
			);
			dependencies = (
			);
			name = "EasyFirebaseExample (macOS)";
			productName = "EasyFirebaseExample (macOS)";
			productReference = EE8F7F9A28C7CC4100D1E59D /* EasyFirebaseExample.app */;
			productType = "com.apple.product-type.application";
		};
/* End PBXNativeTarget section */

/* Begin PBXProject section */
		EE8F7F8828C7CC4000D1E59D /* Project object */ = {
			isa = PBXProject;
			attributes = {
				BuildIndependentTargetsInParallel = 1;
				LastSwiftUpdateCheck = 1340;
				LastUpgradeCheck = 1340;
				TargetAttributes = {
					EE8F7F9328C7CC4100D1E59D = {
						CreatedOnToolsVersion = 13.4.1;
					};
					EE8F7F9928C7CC4100D1E59D = {
						CreatedOnToolsVersion = 13.4.1;
					};
				};
			};
			buildConfigurationList = EE8F7F8B28C7CC4000D1E59D /* Build configuration list for PBXProject "EasyFirebaseExample" */;
			compatibilityVersion = "Xcode 13.0";
			developmentRegion = en;
			hasScannedForEncodings = 0;
			knownRegions = (
				en,
				Base,
			);
			mainGroup = EE8F7F8728C7CC4000D1E59D;
			productRefGroup = EE8F7F9528C7CC4100D1E59D /* Products */;
			projectDirPath = "";
			projectRoot = "";
			targets = (
				EE8F7F9328C7CC4100D1E59D /* EasyFirebaseExample (iOS) */,
				EE8F7F9928C7CC4100D1E59D /* EasyFirebaseExample (macOS) */,
			);
		};
/* End PBXProject section */

/* Begin PBXResourcesBuildPhase section */
		EE8F7F9228C7CC4100D1E59D /* Resources */ = {
			isa = PBXResourcesBuildPhase;
			buildActionMask = 2147483647;
			files = (
				EE8F7FA128C7CC4100D1E59D /* Assets.xcassets in Resources */,
			);
			runOnlyForDeploymentPostprocessing = 0;
		};
		EE8F7F9828C7CC4100D1E59D /* Resources */ = {
			isa = PBXResourcesBuildPhase;
			buildActionMask = 2147483647;
			files = (
				EE8F7FA228C7CC4100D1E59D /* Assets.xcassets in Resources */,
			);
			runOnlyForDeploymentPostprocessing = 0;
		};
/* End PBXResourcesBuildPhase section */

/* Begin PBXSourcesBuildPhase section */
		EE8F7F9028C7CC4100D1E59D /* Sources */ = {
			isa = PBXSourcesBuildPhase;
			buildActionMask = 2147483647;
			files = (
				EE8F7F9F28C7CC4100D1E59D /* ContentView.swift in Sources */,
				EE8F7F9D28C7CC4100D1E59D /* EasyFirebaseExampleApp.swift in Sources */,
			);
			runOnlyForDeploymentPostprocessing = 0;
		};
		EE8F7F9628C7CC4100D1E59D /* Sources */ = {
			isa = PBXSourcesBuildPhase;
			buildActionMask = 2147483647;
			files = (
				EE8F7FA028C7CC4100D1E59D /* ContentView.swift in Sources */,
				EE8F7F9E28C7CC4100D1E59D /* EasyFirebaseExampleApp.swift in Sources */,
			);
			runOnlyForDeploymentPostprocessing = 0;
		};
/* End PBXSourcesBuildPhase section */

/* Begin XCBuildConfiguration section */
		EE8F7FA328C7CC4100D1E59D /* Debug */ = {
			isa = XCBuildConfiguration;
			buildSettings = {
				ALWAYS_SEARCH_USER_PATHS = NO;
				CLANG_ANALYZER_NONNULL = YES;
				CLANG_ANALYZER_NUMBER_OBJECT_CONVERSION = YES_AGGRESSIVE;
				CLANG_CXX_LANGUAGE_STANDARD = "gnu++17";
				CLANG_ENABLE_MODULES = YES;
				CLANG_ENABLE_OBJC_ARC = YES;
				CLANG_ENABLE_OBJC_WEAK = YES;
				CLANG_WARN_BLOCK_CAPTURE_AUTORELEASING = YES;
				CLANG_WARN_BOOL_CONVERSION = YES;
				CLANG_WARN_COMMA = YES;
				CLANG_WARN_CONSTANT_CONVERSION = YES;
				CLANG_WARN_DEPRECATED_OBJC_IMPLEMENTATIONS = YES;
				CLANG_WARN_DIRECT_OBJC_ISA_USAGE = YES_ERROR;
				CLANG_WARN_DOCUMENTATION_COMMENTS = YES;
				CLANG_WARN_EMPTY_BODY = YES;
				CLANG_WARN_ENUM_CONVERSION = YES;
				CLANG_WARN_INFINITE_RECURSION = YES;
				CLANG_WARN_INT_CONVERSION = YES;
				CLANG_WARN_NON_LITERAL_NULL_CONVERSION = YES;
				CLANG_WARN_OBJC_IMPLICIT_RETAIN_SELF = YES;
				CLANG_WARN_OBJC_LITERAL_CONVERSION = YES;
				CLANG_WARN_OBJC_ROOT_CLASS = YES_ERROR;
				CLANG_WARN_QUOTED_INCLUDE_IN_FRAMEWORK_HEADER = YES;
				CLANG_WARN_RANGE_LOOP_ANALYSIS = YES;
				CLANG_WARN_STRICT_PROTOTYPES = YES;
				CLANG_WARN_SUSPICIOUS_MOVE = YES;
				CLANG_WARN_UNGUARDED_AVAILABILITY = YES_AGGRESSIVE;
				CLANG_WARN_UNREACHABLE_CODE = YES;
				CLANG_WARN__DUPLICATE_METHOD_MATCH = YES;
				COPY_PHASE_STRIP = NO;
				DEBUG_INFORMATION_FORMAT = dwarf;
				ENABLE_STRICT_OBJC_MSGSEND = YES;
				ENABLE_TESTABILITY = YES;
				GCC_C_LANGUAGE_STANDARD = gnu11;
				GCC_DYNAMIC_NO_PIC = NO;
				GCC_NO_COMMON_BLOCKS = YES;
				GCC_OPTIMIZATION_LEVEL = 0;
				GCC_PREPROCESSOR_DEFINITIONS = (
					"DEBUG=1",
					"$(inherited)",
				);
				GCC_WARN_64_TO_32_BIT_CONVERSION = YES;
				GCC_WARN_ABOUT_RETURN_TYPE = YES_ERROR;
				GCC_WARN_UNDECLARED_SELECTOR = YES;
				GCC_WARN_UNINITIALIZED_AUTOS = YES_AGGRESSIVE;
				GCC_WARN_UNUSED_FUNCTION = YES;
				GCC_WARN_UNUSED_VARIABLE = YES;
				MTL_ENABLE_DEBUG_INFO = INCLUDE_SOURCE;
				MTL_FAST_MATH = YES;
				ONLY_ACTIVE_ARCH = YES;
				SWIFT_ACTIVE_COMPILATION_CONDITIONS = DEBUG;
				SWIFT_OPTIMIZATION_LEVEL = "-Onone";
			};
			name = Debug;
		};
		EE8F7FA428C7CC4100D1E59D /* Release */ = {
			isa = XCBuildConfiguration;
			buildSettings = {
				ALWAYS_SEARCH_USER_PATHS = NO;
				CLANG_ANALYZER_NONNULL = YES;
				CLANG_ANALYZER_NUMBER_OBJECT_CONVERSION = YES_AGGRESSIVE;
				CLANG_CXX_LANGUAGE_STANDARD = "gnu++17";
				CLANG_ENABLE_MODULES = YES;
				CLANG_ENABLE_OBJC_ARC = YES;
				CLANG_ENABLE_OBJC_WEAK = YES;
				CLANG_WARN_BLOCK_CAPTURE_AUTORELEASING = YES;
				CLANG_WARN_BOOL_CONVERSION = YES;
				CLANG_WARN_COMMA = YES;
				CLANG_WARN_CONSTANT_CONVERSION = YES;
				CLANG_WARN_DEPRECATED_OBJC_IMPLEMENTATIONS = YES;
				CLANG_WARN_DIRECT_OBJC_ISA_USAGE = YES_ERROR;
				CLANG_WARN_DOCUMENTATION_COMMENTS = YES;
				CLANG_WARN_EMPTY_BODY = YES;
				CLANG_WARN_ENUM_CONVERSION = YES;
				CLANG_WARN_INFINITE_RECURSION = YES;
				CLANG_WARN_INT_CONVERSION = YES;
				CLANG_WARN_NON_LITERAL_NULL_CONVERSION = YES;
				CLANG_WARN_OBJC_IMPLICIT_RETAIN_SELF = YES;
				CLANG_WARN_OBJC_LITERAL_CONVERSION = YES;
				CLANG_WARN_OBJC_ROOT_CLASS = YES_ERROR;
				CLANG_WARN_QUOTED_INCLUDE_IN_FRAMEWORK_HEADER = YES;
				CLANG_WARN_RANGE_LOOP_ANALYSIS = YES;
				CLANG_WARN_STRICT_PROTOTYPES = YES;
				CLANG_WARN_SUSPICIOUS_MOVE = YES;
				CLANG_WARN_UNGUARDED_AVAILABILITY = YES_AGGRESSIVE;
				CLANG_WARN_UNREACHABLE_CODE = YES;
				CLANG_WARN__DUPLICATE_METHOD_MATCH = YES;
				COPY_PHASE_STRIP = NO;
				DEBUG_INFORMATION_FORMAT = "dwarf-with-dsym";
				ENABLE_NS_ASSERTIONS = NO;
				ENABLE_STRICT_OBJC_MSGSEND = YES;
				GCC_C_LANGUAGE_STANDARD = gnu11;
				GCC_NO_COMMON_BLOCKS = YES;
				GCC_WARN_64_TO_32_BIT_CONVERSION = YES;
				GCC_WARN_ABOUT_RETURN_TYPE = YES_ERROR;
				GCC_WARN_UNDECLARED_SELECTOR = YES;
				GCC_WARN_UNINITIALIZED_AUTOS = YES_AGGRESSIVE;
				GCC_WARN_UNUSED_FUNCTION = YES;
				GCC_WARN_UNUSED_VARIABLE = YES;
				MTL_ENABLE_DEBUG_INFO = NO;
				MTL_FAST_MATH = YES;
				SWIFT_COMPILATION_MODE = wholemodule;
				SWIFT_OPTIMIZATION_LEVEL = "-O";
			};
			name = Release;
		};
		EE8F7FA628C7CC4100D1E59D /* Debug */ = {
			isa = XCBuildConfiguration;
			buildSettings = {
				ASSETCATALOG_COMPILER_APPICON_NAME = AppIcon;
				ASSETCATALOG_COMPILER_GLOBAL_ACCENT_COLOR_NAME = AccentColor;
				CODE_SIGN_STYLE = Automatic;
				CURRENT_PROJECT_VERSION = 1;
				DEVELOPMENT_TEAM = 8Z8NF54F45;
				ENABLE_PREVIEWS = YES;
				GENERATE_INFOPLIST_FILE = YES;
				INFOPLIST_KEY_UIApplicationSceneManifest_Generation = YES;
				INFOPLIST_KEY_UIApplicationSupportsIndirectInputEvents = YES;
				INFOPLIST_KEY_UILaunchScreen_Generation = YES;
				INFOPLIST_KEY_UISupportedInterfaceOrientations_iPad = "UIInterfaceOrientationPortrait UIInterfaceOrientationPortraitUpsideDown UIInterfaceOrientationLandscapeLeft UIInterfaceOrientationLandscapeRight";
				INFOPLIST_KEY_UISupportedInterfaceOrientations_iPhone = "UIInterfaceOrientationPortrait UIInterfaceOrientationLandscapeLeft UIInterfaceOrientationLandscapeRight";
				IPHONEOS_DEPLOYMENT_TARGET = 15.5;
				LD_RUNPATH_SEARCH_PATHS = (
					"$(inherited)",
					"@executable_path/Frameworks",
				);
				MARKETING_VERSION = 1.0;
				PRODUCT_BUNDLE_IDENTIFIER = com.flowductive.EasyFirebaseExample;
				PRODUCT_NAME = EasyFirebaseExample;
				SDKROOT = iphoneos;
				SWIFT_EMIT_LOC_STRINGS = YES;
				SWIFT_VERSION = 5.0;
				TARGETED_DEVICE_FAMILY = "1,2";
			};
			name = Debug;
		};
		EE8F7FA728C7CC4100D1E59D /* Release */ = {
			isa = XCBuildConfiguration;
			buildSettings = {
				ASSETCATALOG_COMPILER_APPICON_NAME = AppIcon;
				ASSETCATALOG_COMPILER_GLOBAL_ACCENT_COLOR_NAME = AccentColor;
				CODE_SIGN_STYLE = Automatic;
				CURRENT_PROJECT_VERSION = 1;
				DEVELOPMENT_TEAM = 8Z8NF54F45;
				ENABLE_PREVIEWS = YES;
				GENERATE_INFOPLIST_FILE = YES;
				INFOPLIST_KEY_UIApplicationSceneManifest_Generation = YES;
				INFOPLIST_KEY_UIApplicationSupportsIndirectInputEvents = YES;
				INFOPLIST_KEY_UILaunchScreen_Generation = YES;
				INFOPLIST_KEY_UISupportedInterfaceOrientations_iPad = "UIInterfaceOrientationPortrait UIInterfaceOrientationPortraitUpsideDown UIInterfaceOrientationLandscapeLeft UIInterfaceOrientationLandscapeRight";
				INFOPLIST_KEY_UISupportedInterfaceOrientations_iPhone = "UIInterfaceOrientationPortrait UIInterfaceOrientationLandscapeLeft UIInterfaceOrientationLandscapeRight";
				IPHONEOS_DEPLOYMENT_TARGET = 15.5;
				LD_RUNPATH_SEARCH_PATHS = (
					"$(inherited)",
					"@executable_path/Frameworks",
				);
				MARKETING_VERSION = 1.0;
				PRODUCT_BUNDLE_IDENTIFIER = com.flowductive.EasyFirebaseExample;
				PRODUCT_NAME = EasyFirebaseExample;
				SDKROOT = iphoneos;
				SWIFT_EMIT_LOC_STRINGS = YES;
				SWIFT_VERSION = 5.0;
				TARGETED_DEVICE_FAMILY = "1,2";
				VALIDATE_PRODUCT = YES;
			};
			name = Release;
		};
		EE8F7FA928C7CC4100D1E59D /* Debug */ = {
			isa = XCBuildConfiguration;
			buildSettings = {
				ASSETCATALOG_COMPILER_APPICON_NAME = AppIcon;
				ASSETCATALOG_COMPILER_GLOBAL_ACCENT_COLOR_NAME = AccentColor;
				CODE_SIGN_ENTITLEMENTS = macOS/macOS.entitlements;
				CODE_SIGN_STYLE = Automatic;
				COMBINE_HIDPI_IMAGES = YES;
				CURRENT_PROJECT_VERSION = 1;
				DEVELOPMENT_TEAM = 8Z8NF54F45;
				ENABLE_HARDENED_RUNTIME = YES;
				ENABLE_PREVIEWS = YES;
				GENERATE_INFOPLIST_FILE = YES;
				INFOPLIST_KEY_NSHumanReadableCopyright = "";
				LD_RUNPATH_SEARCH_PATHS = (
					"$(inherited)",
					"@executable_path/../Frameworks",
				);
				MACOSX_DEPLOYMENT_TARGET = 12.3;
				MARKETING_VERSION = 1.0;
				PRODUCT_BUNDLE_IDENTIFIER = com.flowductive.EasyFirebaseExample;
				PRODUCT_NAME = EasyFirebaseExample;
				SDKROOT = macosx;
				SWIFT_EMIT_LOC_STRINGS = YES;
				SWIFT_VERSION = 5.0;
			};
			name = Debug;
		};
		EE8F7FAA28C7CC4100D1E59D /* Release */ = {
			isa = XCBuildConfiguration;
			buildSettings = {
				ASSETCATALOG_COMPILER_APPICON_NAME = AppIcon;
				ASSETCATALOG_COMPILER_GLOBAL_ACCENT_COLOR_NAME = AccentColor;
				CODE_SIGN_ENTITLEMENTS = macOS/macOS.entitlements;
				CODE_SIGN_STYLE = Automatic;
				COMBINE_HIDPI_IMAGES = YES;
				CURRENT_PROJECT_VERSION = 1;
				DEVELOPMENT_TEAM = 8Z8NF54F45;
				ENABLE_HARDENED_RUNTIME = YES;
				ENABLE_PREVIEWS = YES;
				GENERATE_INFOPLIST_FILE = YES;
				INFOPLIST_KEY_NSHumanReadableCopyright = "";
				LD_RUNPATH_SEARCH_PATHS = (
					"$(inherited)",
					"@executable_path/../Frameworks",
				);
				MACOSX_DEPLOYMENT_TARGET = 12.3;
				MARKETING_VERSION = 1.0;
				PRODUCT_BUNDLE_IDENTIFIER = com.flowductive.EasyFirebaseExample;
				PRODUCT_NAME = EasyFirebaseExample;
				SDKROOT = macosx;
				SWIFT_EMIT_LOC_STRINGS = YES;
				SWIFT_VERSION = 5.0;
			};
			name = Release;
		};
/* End XCBuildConfiguration section */

/* Begin XCConfigurationList section */
		EE8F7F8B28C7CC4000D1E59D /* Build configuration list for PBXProject "EasyFirebaseExample" */ = {
			isa = XCConfigurationList;
			buildConfigurations = (
				EE8F7FA328C7CC4100D1E59D /* Debug */,
				EE8F7FA428C7CC4100D1E59D /* Release */,
			);
			defaultConfigurationIsVisible = 0;
			defaultConfigurationName = Release;
		};
		EE8F7FA528C7CC4100D1E59D /* Build configuration list for PBXNativeTarget "EasyFirebaseExample (iOS)" */ = {
			isa = XCConfigurationList;
			buildConfigurations = (
				EE8F7FA628C7CC4100D1E59D /* Debug */,
				EE8F7FA728C7CC4100D1E59D /* Release */,
			);
			defaultConfigurationIsVisible = 0;
			defaultConfigurationName = Release;
		};
		EE8F7FA828C7CC4100D1E59D /* Build configuration list for PBXNativeTarget "EasyFirebaseExample (macOS)" */ = {
			isa = XCConfigurationList;
			buildConfigurations = (
				EE8F7FA928C7CC4100D1E59D /* Debug */,
				EE8F7FAA28C7CC4100D1E59D /* Release */,
			);
			defaultConfigurationIsVisible = 0;
			defaultConfigurationName = Release;
		};
/* End XCConfigurationList section */
	};
	rootObject = EE8F7F8828C7CC4000D1E59D /* Project object */;
}
