// !$*UTF8*$!
{
	archiveVersion = 1;
	classes = {
	};
	objectVersion = 56;
	objects = {

/* Begin PBXBuildFile section */
		EEAF92BA28F2134C00E98360 /* EasyFirebaseExampleApp.swift in Sources */ = {isa = PBXBuildFile; fileRef = EEAF92B928F2134C00E98360 /* EasyFirebaseExampleApp.swift */; };
		EEAF92BC28F2134C00E98360 /* ContentView.swift in Sources */ = {isa = PBXBuildFile; fileRef = EEAF92BB28F2134C00E98360 /* ContentView.swift */; };
		EEAF92BE28F2134C00E98360 /* Assets.xcassets in Resources */ = {isa = PBXBuildFile; fileRef = EEAF92BD28F2134C00E98360 /* Assets.xcassets */; };
		EEAF92C228F2134C00E98360 /* Preview Assets.xcassets in Resources */ = {isa = PBXBuildFile; fileRef = EEAF92C128F2134C00E98360 /* Preview Assets.xcassets */; };
		EEAF92CF28F214D200E98360 /* Global.swift in Sources */ = {isa = PBXBuildFile; fileRef = EEAF92CE28F214D200E98360 /* Global.swift */; };
		EEAF92D428F2162400E98360 /* EasyFirebase in Frameworks */ = {isa = PBXBuildFile; productRef = EEAF92D328F2162400E98360 /* EasyFirebase */; };
		EEAF92D828F21C1A00E98360 /* FoodItem.swift in Sources */ = {isa = PBXBuildFile; fileRef = EEAF92D728F21C1A00E98360 /* FoodItem.swift */; };
		EEAF92DB28F27B3200E98360 /* SetDocumentView.swift in Sources */ = {isa = PBXBuildFile; fileRef = EEAF92DA28F27B3200E98360 /* SetDocumentView.swift */; };
		EEC544142901480A0075653E /* Price.swift in Sources */ = {isa = PBXBuildFile; fileRef = EEC544132901480A0075653E /* Price.swift */; };
		EEFDCB9B28F42F8E00572A4E /* FoodItemView.swift in Sources */ = {isa = PBXBuildFile; fileRef = EEFDCB9A28F42F8E00572A4E /* FoodItemView.swift */; };
		EEFDCB9D28F4357100572A4E /* GoogleService-Info.plist in Resources */ = {isa = PBXBuildFile; fileRef = EEFDCB9C28F4357100572A4E /* GoogleService-Info.plist */; };
/* End PBXBuildFile section */

/* Begin PBXFileReference section */
		EEAF92B628F2134C00E98360 /* EasyFirebaseExample.app */ = {isa = PBXFileReference; explicitFileType = wrapper.application; includeInIndex = 0; path = EasyFirebaseExample.app; sourceTree = BUILT_PRODUCTS_DIR; };
		EEAF92B928F2134C00E98360 /* EasyFirebaseExampleApp.swift */ = {isa = PBXFileReference; lastKnownFileType = sourcecode.swift; path = EasyFirebaseExampleApp.swift; sourceTree = "<group>"; };
		EEAF92BB28F2134C00E98360 /* ContentView.swift */ = {isa = PBXFileReference; lastKnownFileType = sourcecode.swift; path = ContentView.swift; sourceTree = "<group>"; };
		EEAF92BD28F2134C00E98360 /* Assets.xcassets */ = {isa = PBXFileReference; lastKnownFileType = folder.assetcatalog; path = Assets.xcassets; sourceTree = "<group>"; };
		EEAF92BF28F2134C00E98360 /* EasyFirebaseExample.entitlements */ = {isa = PBXFileReference; lastKnownFileType = text.plist.entitlements; path = EasyFirebaseExample.entitlements; sourceTree = "<group>"; };
		EEAF92C128F2134C00E98360 /* Preview Assets.xcassets */ = {isa = PBXFileReference; lastKnownFileType = folder.assetcatalog; path = "Preview Assets.xcassets"; sourceTree = "<group>"; };
		EEAF92CE28F214D200E98360 /* Global.swift */ = {isa = PBXFileReference; lastKnownFileType = sourcecode.swift; path = Global.swift; sourceTree = "<group>"; };
		EEAF92D128F2152800E98360 /* easy-firebase */ = {isa = PBXFileReference; lastKnownFileType = wrapper; name = "easy-firebase"; path = ../..; sourceTree = "<group>"; };
		EEAF92D728F21C1A00E98360 /* FoodItem.swift */ = {isa = PBXFileReference; lastKnownFileType = sourcecode.swift; path = FoodItem.swift; sourceTree = "<group>"; };
		EEAF92DA28F27B3200E98360 /* SetDocumentView.swift */ = {isa = PBXFileReference; lastKnownFileType = sourcecode.swift; path = SetDocumentView.swift; sourceTree = "<group>"; };
		EEC544132901480A0075653E /* Price.swift */ = {isa = PBXFileReference; lastKnownFileType = sourcecode.swift; path = Price.swift; sourceTree = "<group>"; };
		EEFDCB9A28F42F8E00572A4E /* FoodItemView.swift */ = {isa = PBXFileReference; lastKnownFileType = sourcecode.swift; path = FoodItemView.swift; sourceTree = "<group>"; };
		EEFDCB9C28F4357100572A4E /* GoogleService-Info.plist */ = {isa = PBXFileReference; fileEncoding = 4; lastKnownFileType = text.plist.xml; path = "GoogleService-Info.plist"; sourceTree = "<group>"; };
/* End PBXFileReference section */

/* Begin PBXFrameworksBuildPhase section */
		EEAF92B328F2134C00E98360 /* Frameworks */ = {
			isa = PBXFrameworksBuildPhase;
			buildActionMask = 2147483647;
			files = (
				EEAF92D428F2162400E98360 /* EasyFirebase in Frameworks */,
			);
			runOnlyForDeploymentPostprocessing = 0;
		};
/* End PBXFrameworksBuildPhase section */

/* Begin PBXGroup section */
		EEAF92AD28F2134C00E98360 = {
			isa = PBXGroup;
			children = (
				EEAF92D028F2152800E98360 /* Packages */,
				EEAF92B828F2134C00E98360 /* EasyFirebaseExample */,
				EEAF92B728F2134C00E98360 /* Products */,
				EEAF92D228F2162400E98360 /* Frameworks */,
			);
			sourceTree = "<group>";
		};
		EEAF92B728F2134C00E98360 /* Products */ = {
			isa = PBXGroup;
			children = (
				EEAF92B628F2134C00E98360 /* EasyFirebaseExample.app */,
			);
			name = Products;
			sourceTree = "<group>";
		};
		EEAF92B828F2134C00E98360 /* EasyFirebaseExample */ = {
			isa = PBXGroup;
			children = (
				EEFDCB9C28F4357100572A4E /* GoogleService-Info.plist */,
				EEAF92BF28F2134C00E98360 /* EasyFirebaseExample.entitlements */,
				EEAF92BD28F2134C00E98360 /* Assets.xcassets */,
				EEAF92D928F2738600E98360 /* Views */,
				EEAF92CD28F214C700E98360 /* Models */,
				EEAF92C028F2134C00E98360 /* Preview Content */,
				EEAF92CE28F214D200E98360 /* Global.swift */,
				EEAF92B928F2134C00E98360 /* EasyFirebaseExampleApp.swift */,
			);
			path = EasyFirebaseExample;
			sourceTree = "<group>";
		};
		EEAF92C028F2134C00E98360 /* Preview Content */ = {
			isa = PBXGroup;
			children = (
				EEAF92C128F2134C00E98360 /* Preview Assets.xcassets */,
			);
			path = "Preview Content";
			sourceTree = "<group>";
		};
		EEAF92CD28F214C700E98360 /* Models */ = {
			isa = PBXGroup;
			children = (
				EEAF92D728F21C1A00E98360 /* FoodItem.swift */,
				EEC544132901480A0075653E /* Price.swift */,
			);
			path = Models;
			sourceTree = "<group>";
		};
		EEAF92D028F2152800E98360 /* Packages */ = {
			isa = PBXGroup;
			children = (
				EEAF92D128F2152800E98360 /* easy-firebase */,
			);
			name = Packages;
			sourceTree = "<group>";
		};
		EEAF92D228F2162400E98360 /* Frameworks */ = {
			isa = PBXGroup;
			children = (
			);
			name = Frameworks;
			sourceTree = "<group>";
		};
		EEAF92D928F2738600E98360 /* Views */ = {
			isa = PBXGroup;
			children = (
				EEAF92BB28F2134C00E98360 /* ContentView.swift */,
				EEAF92DA28F27B3200E98360 /* SetDocumentView.swift */,
				EEFDCB9A28F42F8E00572A4E /* FoodItemView.swift */,
			);
			path = Views;
			sourceTree = "<group>";
		};
/* End PBXGroup section */

/* Begin PBXNativeTarget section */
		EEAF92B528F2134C00E98360 /* EasyFirebaseExample */ = {
			isa = PBXNativeTarget;
			buildConfigurationList = EEAF92C528F2134C00E98360 /* Build configuration list for PBXNativeTarget "EasyFirebaseExample" */;
			buildPhases = (
				EEAF92B228F2134C00E98360 /* Sources */,
				EEAF92B328F2134C00E98360 /* Frameworks */,
				EEAF92B428F2134C00E98360 /* Resources */,
			);
			buildRules = (
			);
			dependencies = (
			);
			name = EasyFirebaseExample;
			packageProductDependencies = (
				EEAF92D328F2162400E98360 /* EasyFirebase */,
			);
			productName = EasyFirebaseExample;
			productReference = EEAF92B628F2134C00E98360 /* EasyFirebaseExample.app */;
			productType = "com.apple.product-type.application";
		};
/* End PBXNativeTarget section */

/* Begin PBXProject section */
		EEAF92AE28F2134C00E98360 /* Project object */ = {
			isa = PBXProject;
			attributes = {
				BuildIndependentTargetsInParallel = 1;
				LastSwiftUpdateCheck = 1400;
				LastUpgradeCheck = 1400;
				TargetAttributes = {
					EEAF92B528F2134C00E98360 = {
						CreatedOnToolsVersion = 14.0.1;
					};
				};
			};
			buildConfigurationList = EEAF92B128F2134C00E98360 /* Build configuration list for PBXProject "EasyFirebaseExample" */;
			compatibilityVersion = "Xcode 14.0";
			developmentRegion = en;
			hasScannedForEncodings = 0;
			knownRegions = (
				en,
				Base,
			);
			mainGroup = EEAF92AD28F2134C00E98360;
			productRefGroup = EEAF92B728F2134C00E98360 /* Products */;
			projectDirPath = "";
			projectRoot = "";
			targets = (
				EEAF92B528F2134C00E98360 /* EasyFirebaseExample */,
			);
		};
/* End PBXProject section */

/* Begin PBXResourcesBuildPhase section */
		EEAF92B428F2134C00E98360 /* Resources */ = {
			isa = PBXResourcesBuildPhase;
			buildActionMask = 2147483647;
			files = (
				EEAF92C228F2134C00E98360 /* Preview Assets.xcassets in Resources */,
				EEAF92BE28F2134C00E98360 /* Assets.xcassets in Resources */,
				EEFDCB9D28F4357100572A4E /* GoogleService-Info.plist in Resources */,
			);
			runOnlyForDeploymentPostprocessing = 0;
		};
/* End PBXResourcesBuildPhase section */

/* Begin PBXSourcesBuildPhase section */
		EEAF92B228F2134C00E98360 /* Sources */ = {
			isa = PBXSourcesBuildPhase;
			buildActionMask = 2147483647;
			files = (
				EEAF92CF28F214D200E98360 /* Global.swift in Sources */,
				EEC544142901480A0075653E /* Price.swift in Sources */,
				EEAF92BC28F2134C00E98360 /* ContentView.swift in Sources */,
				EEAF92DB28F27B3200E98360 /* SetDocumentView.swift in Sources */,
				EEFDCB9B28F42F8E00572A4E /* FoodItemView.swift in Sources */,
				EEAF92BA28F2134C00E98360 /* EasyFirebaseExampleApp.swift in Sources */,
				EEAF92D828F21C1A00E98360 /* FoodItem.swift in Sources */,
			);
			runOnlyForDeploymentPostprocessing = 0;
		};
/* End PBXSourcesBuildPhase section */

/* Begin XCBuildConfiguration section */
		EEAF92C328F2134C00E98360 /* Debug */ = {
			isa = XCBuildConfiguration;
			buildSettings = {
				ALWAYS_SEARCH_USER_PATHS = NO;
				CLANG_ANALYZER_NONNULL = YES;
				CLANG_ANALYZER_NUMBER_OBJECT_CONVERSION = YES_AGGRESSIVE;
				CLANG_CXX_LANGUAGE_STANDARD = "gnu++20";
				CLANG_ENABLE_MODULES = YES;
				CLANG_ENABLE_OBJC_ARC = YES;
				CLANG_ENABLE_OBJC_WEAK = YES;
				CLANG_WARN_BLOCK_CAPTURE_AUTORELEASING = YES;
				CLANG_WARN_BOOL_CONVERSION = YES;
				CLANG_WARN_COMMA = YES;
				CLANG_WARN_CONSTANT_CONVERSION = YES;
				CLANG_WARN_DEPRECATED_OBJC_IMPLEMENTATIONS = YES;
				CLANG_WARN_DIRECT_OBJC_ISA_USAGE = YES_ERROR;
				CLANG_WARN_DOCUMENTATION_COMMENTS = YES;
				CLANG_WARN_EMPTY_BODY = YES;
				CLANG_WARN_ENUM_CONVERSION = YES;
				CLANG_WARN_INFINITE_RECURSION = YES;
				CLANG_WARN_INT_CONVERSION = YES;
				CLANG_WARN_NON_LITERAL_NULL_CONVERSION = YES;
				CLANG_WARN_OBJC_IMPLICIT_RETAIN_SELF = YES;
				CLANG_WARN_OBJC_LITERAL_CONVERSION = YES;
				CLANG_WARN_OBJC_ROOT_CLASS = YES_ERROR;
				CLANG_WARN_QUOTED_INCLUDE_IN_FRAMEWORK_HEADER = YES;
				CLANG_WARN_RANGE_LOOP_ANALYSIS = YES;
				CLANG_WARN_STRICT_PROTOTYPES = YES;
				CLANG_WARN_SUSPICIOUS_MOVE = YES;
				CLANG_WARN_UNGUARDED_AVAILABILITY = YES_AGGRESSIVE;
				CLANG_WARN_UNREACHABLE_CODE = YES;
				CLANG_WARN__DUPLICATE_METHOD_MATCH = YES;
				COPY_PHASE_STRIP = NO;
				DEBUG_INFORMATION_FORMAT = dwarf;
				ENABLE_STRICT_OBJC_MSGSEND = YES;
				ENABLE_TESTABILITY = YES;
				GCC_C_LANGUAGE_STANDARD = gnu11;
				GCC_DYNAMIC_NO_PIC = NO;
				GCC_NO_COMMON_BLOCKS = YES;
				GCC_OPTIMIZATION_LEVEL = 0;
				GCC_PREPROCESSOR_DEFINITIONS = (
					"DEBUG=1",
					"$(inherited)",
				);
				GCC_WARN_64_TO_32_BIT_CONVERSION = YES;
				GCC_WARN_ABOUT_RETURN_TYPE = YES_ERROR;
				GCC_WARN_UNDECLARED_SELECTOR = YES;
				GCC_WARN_UNINITIALIZED_AUTOS = YES_AGGRESSIVE;
				GCC_WARN_UNUSED_FUNCTION = YES;
				GCC_WARN_UNUSED_VARIABLE = YES;
				MTL_ENABLE_DEBUG_INFO = INCLUDE_SOURCE;
				MTL_FAST_MATH = YES;
				ONLY_ACTIVE_ARCH = YES;
				SWIFT_ACTIVE_COMPILATION_CONDITIONS = DEBUG;
				SWIFT_OPTIMIZATION_LEVEL = "-Onone";
			};
			name = Debug;
		};
		EEAF92C428F2134C00E98360 /* Release */ = {
			isa = XCBuildConfiguration;
			buildSettings = {
				ALWAYS_SEARCH_USER_PATHS = NO;
				CLANG_ANALYZER_NONNULL = YES;
				CLANG_ANALYZER_NUMBER_OBJECT_CONVERSION = YES_AGGRESSIVE;
				CLANG_CXX_LANGUAGE_STANDARD = "gnu++20";
				CLANG_ENABLE_MODULES = YES;
				CLANG_ENABLE_OBJC_ARC = YES;
				CLANG_ENABLE_OBJC_WEAK = YES;
				CLANG_WARN_BLOCK_CAPTURE_AUTORELEASING = YES;
				CLANG_WARN_BOOL_CONVERSION = YES;
				CLANG_WARN_COMMA = YES;
				CLANG_WARN_CONSTANT_CONVERSION = YES;
				CLANG_WARN_DEPRECATED_OBJC_IMPLEMENTATIONS = YES;
				CLANG_WARN_DIRECT_OBJC_ISA_USAGE = YES_ERROR;
				CLANG_WARN_DOCUMENTATION_COMMENTS = YES;
				CLANG_WARN_EMPTY_BODY = YES;
				CLANG_WARN_ENUM_CONVERSION = YES;
				CLANG_WARN_INFINITE_RECURSION = YES;
				CLANG_WARN_INT_CONVERSION = YES;
				CLANG_WARN_NON_LITERAL_NULL_CONVERSION = YES;
				CLANG_WARN_OBJC_IMPLICIT_RETAIN_SELF = YES;
				CLANG_WARN_OBJC_LITERAL_CONVERSION = YES;
				CLANG_WARN_OBJC_ROOT_CLASS = YES_ERROR;
				CLANG_WARN_QUOTED_INCLUDE_IN_FRAMEWORK_HEADER = YES;
				CLANG_WARN_RANGE_LOOP_ANALYSIS = YES;
				CLANG_WARN_STRICT_PROTOTYPES = YES;
				CLANG_WARN_SUSPICIOUS_MOVE = YES;
				CLANG_WARN_UNGUARDED_AVAILABILITY = YES_AGGRESSIVE;
				CLANG_WARN_UNREACHABLE_CODE = YES;
				CLANG_WARN__DUPLICATE_METHOD_MATCH = YES;
				COPY_PHASE_STRIP = NO;
				DEBUG_INFORMATION_FORMAT = "dwarf-with-dsym";
				ENABLE_NS_ASSERTIONS = NO;
				ENABLE_STRICT_OBJC_MSGSEND = YES;
				GCC_C_LANGUAGE_STANDARD = gnu11;
				GCC_NO_COMMON_BLOCKS = YES;
				GCC_WARN_64_TO_32_BIT_CONVERSION = YES;
				GCC_WARN_ABOUT_RETURN_TYPE = YES_ERROR;
				GCC_WARN_UNDECLARED_SELECTOR = YES;
				GCC_WARN_UNINITIALIZED_AUTOS = YES_AGGRESSIVE;
				GCC_WARN_UNUSED_FUNCTION = YES;
				GCC_WARN_UNUSED_VARIABLE = YES;
				MTL_ENABLE_DEBUG_INFO = NO;
				MTL_FAST_MATH = YES;
				SWIFT_COMPILATION_MODE = wholemodule;
				SWIFT_OPTIMIZATION_LEVEL = "-O";
			};
			name = Release;
		};
		EEAF92C628F2134C00E98360 /* Debug */ = {
			isa = XCBuildConfiguration;
			buildSettings = {
				ASSETCATALOG_COMPILER_APPICON_NAME = AppIcon;
				ASSETCATALOG_COMPILER_GLOBAL_ACCENT_COLOR_NAME = AccentColor;
				CODE_SIGN_ENTITLEMENTS = EasyFirebaseExample/EasyFirebaseExample.entitlements;
				CODE_SIGN_STYLE = Automatic;
				CURRENT_PROJECT_VERSION = 1;
				DEVELOPMENT_ASSET_PATHS = "\"EasyFirebaseExample/Preview Content\"";
				DEVELOPMENT_TEAM = 8Z8NF54F45;
				ENABLE_HARDENED_RUNTIME = YES;
				ENABLE_PREVIEWS = YES;
				GENERATE_INFOPLIST_FILE = YES;
				INFOPLIST_KEY_CFBundleDisplayName = EasyFirebase;
				"INFOPLIST_KEY_UIApplicationSceneManifest_Generation[sdk=iphoneos*]" = YES;
				"INFOPLIST_KEY_UIApplicationSceneManifest_Generation[sdk=iphonesimulator*]" = YES;
				"INFOPLIST_KEY_UIApplicationSupportsIndirectInputEvents[sdk=iphoneos*]" = YES;
				"INFOPLIST_KEY_UIApplicationSupportsIndirectInputEvents[sdk=iphonesimulator*]" = YES;
				"INFOPLIST_KEY_UILaunchScreen_Generation[sdk=iphoneos*]" = YES;
				"INFOPLIST_KEY_UILaunchScreen_Generation[sdk=iphonesimulator*]" = YES;
				"INFOPLIST_KEY_UIStatusBarStyle[sdk=iphoneos*]" = UIStatusBarStyleDefault;
				"INFOPLIST_KEY_UIStatusBarStyle[sdk=iphonesimulator*]" = UIStatusBarStyleDefault;
				INFOPLIST_KEY_UISupportedInterfaceOrientations_iPad = "UIInterfaceOrientationPortrait UIInterfaceOrientationPortraitUpsideDown UIInterfaceOrientationLandscapeLeft UIInterfaceOrientationLandscapeRight";
				INFOPLIST_KEY_UISupportedInterfaceOrientations_iPhone = "UIInterfaceOrientationPortrait UIInterfaceOrientationLandscapeLeft UIInterfaceOrientationLandscapeRight";
				IPHONEOS_DEPLOYMENT_TARGET = 14.0;
				LD_RUNPATH_SEARCH_PATHS = "@executable_path/Frameworks";
				"LD_RUNPATH_SEARCH_PATHS[sdk=macosx*]" = "@executable_path/../Frameworks";
				MACOSX_DEPLOYMENT_TARGET = 11.0;
				MARKETING_VERSION = 1.0;
				PRODUCT_BUNDLE_IDENTIFIER = com.flowductive.EasyFirebaseExample;
				PRODUCT_NAME = "$(TARGET_NAME)";
				SDKROOT = auto;
				SUPPORTED_PLATFORMS = "iphoneos iphonesimulator macosx";
				SWIFT_EMIT_LOC_STRINGS = YES;
				SWIFT_VERSION = 5.0;
				TARGETED_DEVICE_FAMILY = "1,2";
			};
			name = Debug;
		};
		EEAF92C728F2134C00E98360 /* Release */ = {
			isa = XCBuildConfiguration;
			buildSettings = {
				ASSETCATALOG_COMPILER_APPICON_NAME = AppIcon;
				ASSETCATALOG_COMPILER_GLOBAL_ACCENT_COLOR_NAME = AccentColor;
				CODE_SIGN_ENTITLEMENTS = EasyFirebaseExample/EasyFirebaseExample.entitlements;
				CODE_SIGN_STYLE = Automatic;
				CURRENT_PROJECT_VERSION = 1;
				DEVELOPMENT_ASSET_PATHS = "\"EasyFirebaseExample/Preview Content\"";
				DEVELOPMENT_TEAM = 8Z8NF54F45;
				ENABLE_HARDENED_RUNTIME = YES;
				ENABLE_PREVIEWS = YES;
				GENERATE_INFOPLIST_FILE = YES;
				INFOPLIST_KEY_CFBundleDisplayName = EasyFirebase;
				"INFOPLIST_KEY_UIApplicationSceneManifest_Generation[sdk=iphoneos*]" = YES;
				"INFOPLIST_KEY_UIApplicationSceneManifest_Generation[sdk=iphonesimulator*]" = YES;
				"INFOPLIST_KEY_UIApplicationSupportsIndirectInputEvents[sdk=iphoneos*]" = YES;
				"INFOPLIST_KEY_UIApplicationSupportsIndirectInputEvents[sdk=iphonesimulator*]" = YES;
				"INFOPLIST_KEY_UILaunchScreen_Generation[sdk=iphoneos*]" = YES;
				"INFOPLIST_KEY_UILaunchScreen_Generation[sdk=iphonesimulator*]" = YES;
				"INFOPLIST_KEY_UIStatusBarStyle[sdk=iphoneos*]" = UIStatusBarStyleDefault;
				"INFOPLIST_KEY_UIStatusBarStyle[sdk=iphonesimulator*]" = UIStatusBarStyleDefault;
				INFOPLIST_KEY_UISupportedInterfaceOrientations_iPad = "UIInterfaceOrientationPortrait UIInterfaceOrientationPortraitUpsideDown UIInterfaceOrientationLandscapeLeft UIInterfaceOrientationLandscapeRight";
				INFOPLIST_KEY_UISupportedInterfaceOrientations_iPhone = "UIInterfaceOrientationPortrait UIInterfaceOrientationLandscapeLeft UIInterfaceOrientationLandscapeRight";
				IPHONEOS_DEPLOYMENT_TARGET = 14.0;
				LD_RUNPATH_SEARCH_PATHS = "@executable_path/Frameworks";
				"LD_RUNPATH_SEARCH_PATHS[sdk=macosx*]" = "@executable_path/../Frameworks";
				MACOSX_DEPLOYMENT_TARGET = 11.0;
				MARKETING_VERSION = 1.0;
				PRODUCT_BUNDLE_IDENTIFIER = com.flowductive.EasyFirebaseExample;
				PRODUCT_NAME = "$(TARGET_NAME)";
				SDKROOT = auto;
				SUPPORTED_PLATFORMS = "iphoneos iphonesimulator macosx";
				SWIFT_EMIT_LOC_STRINGS = YES;
				SWIFT_VERSION = 5.0;
				TARGETED_DEVICE_FAMILY = "1,2";
			};
			name = Release;
		};
/* End XCBuildConfiguration section */

/* Begin XCConfigurationList section */
		EEAF92B128F2134C00E98360 /* Build configuration list for PBXProject "EasyFirebaseExample" */ = {
			isa = XCConfigurationList;
			buildConfigurations = (
				EEAF92C328F2134C00E98360 /* Debug */,
				EEAF92C428F2134C00E98360 /* Release */,
			);
			defaultConfigurationIsVisible = 0;
			defaultConfigurationName = Release;
		};
		EEAF92C528F2134C00E98360 /* Build configuration list for PBXNativeTarget "EasyFirebaseExample" */ = {
			isa = XCConfigurationList;
			buildConfigurations = (
				EEAF92C628F2134C00E98360 /* Debug */,
				EEAF92C728F2134C00E98360 /* Release */,
			);
			defaultConfigurationIsVisible = 0;
			defaultConfigurationName = Release;
		};
/* End XCConfigurationList section */

/* Begin XCSwiftPackageProductDependency section */
		EEAF92D328F2162400E98360 /* EasyFirebase */ = {
			isa = XCSwiftPackageProductDependency;
			productName = EasyFirebase;
		};
/* End XCSwiftPackageProductDependency section */
	};
	rootObject = EEAF92AE28F2134C00E98360 /* Project object */;
}
